
Microsoft Visual Studio Solution File, Format Version 12.00
# Visual Studio Version 17
VisualStudioVersion = 17.11.35327.3
MinimumVisualStudioVersion = 10.0.40219.1
Project("{FAE04EC0-301F-11D3-BF4B-00C04F79EFBC}") = "WpfApp2", "WpfApp2\WpfApp2.csproj", "{25135E16-C302-4AC9-ACAD-84F5A5EAA7AE}"
EndProject
Global
	GlobalSection(SolutionConfigurationPlatforms) = preSolution
		Debug|Any CPU = Debug|Any CPU
		Release|Any CPU = Release|Any CPU
	EndGlobalSection
	GlobalSection(ProjectConfigurationPlatforms) = postSolution
		{25135E16-C302-4AC9-ACAD-84F5A5EAA7AE}.Debug|Any CPU.ActiveCfg = Debug|Any CPU
		{25135E16-C302-4AC9-ACAD-84F5A5EAA7AE}.Debug|Any CPU.Build.0 = Debug|Any CPU
		{25135E16-C302-4AC9-ACAD-84F5A5EAA7AE}.Release|Any CPU.ActiveCfg = Release|Any CPU
		{25135E16-C302-4AC9-ACAD-84F5A5EAA7AE}.Release|Any CPU.Build.0 = Release|Any CPU
	EndGlobalSection
	GlobalSection(SolutionProperties) = preSolution
		HideSolutionNode = FALSE
	EndGlobalSection
	GlobalSection(ExtensibilityGlobals) = postSolution
		SolutionGuid = {431B1A76-B8C7-4E80-80DF-993B4D46BBBE}
	EndGlobalSection
EndGlobal
